
Microsoft Visual Studio Solution File, Format Version 12.00
# Visual Studio Version 16
VisualStudioVersion = 16.0.30503.244
MinimumVisualStudioVersion = 10.0.40219.1
Project("{FAE04EC0-301F-11D3-BF4B-00C04F79EFBC}") = "exam", "exam\exam.csproj", "{6E01EBDA-2A95-414C-A02E-35C330839568}"
EndProject
Global
	GlobalSection(SolutionConfigurationPlatforms) = preSolution
		Debug|Any CPU = Debug|Any CPU
		Release|Any CPU = Release|Any CPU
	EndGlobalSection
	GlobalSection(ProjectConfigurationPlatforms) = postSolution
		{6E01EBDA-2A95-414C-A02E-35C330839568}.Debug|Any CPU.ActiveCfg = Debug|Any CPU
		{6E01EBDA-2A95-414C-A02E-35C330839568}.Debug|Any CPU.Build.0 = Debug|Any CPU
		{6E01EBDA-2A95-414C-A02E-35C330839568}.Release|Any CPU.ActiveCfg = Release|Any CPU
		{6E01EBDA-2A95-414C-A02E-35C330839568}.Release|Any CPU.Build.0 = Release|Any CPU
	EndGlobalSection
	GlobalSection(SolutionProperties) = preSolution
		HideSolutionNode = FALSE
	EndGlobalSection
	GlobalSection(ExtensibilityGlobals) = postSolution
		SolutionGuid = {4EABDDCC-BCF5-4A58-9AEA-A221A8B892EB}
	EndGlobalSection
EndGlobal
